
Microsoft Visual Studio Solution File, Format Version 12.00
# Visual Studio Version 16
VisualStudioVersion = 16.0.29911.84
MinimumVisualStudioVersion = 10.0.40219.1
Project("{FAE04EC0-301F-11D3-BF4B-00C04F79EFBC}") = "Paises", "Paises\Paises.csproj", "{BCF651B8-B97B-4D32-A5E6-D8762B82199E}"
EndProject
Global
	GlobalSection(SolutionConfigurationPlatforms) = preSolution
		Debug|Any CPU = Debug|Any CPU
		Release|Any CPU = Release|Any CPU
	EndGlobalSection
	GlobalSection(ProjectConfigurationPlatforms) = postSolution
		{BCF651B8-B97B-4D32-A5E6-D8762B82199E}.Debug|Any CPU.ActiveCfg = Debug|Any CPU
		{BCF651B8-B97B-4D32-A5E6-D8762B82199E}.Debug|Any CPU.Build.0 = Debug|Any CPU
		{BCF651B8-B97B-4D32-A5E6-D8762B82199E}.Release|Any CPU.ActiveCfg = Release|Any CPU
		{BCF651B8-B97B-4D32-A5E6-D8762B82199E}.Release|Any CPU.Build.0 = Release|Any CPU
	EndGlobalSection
	GlobalSection(SolutionProperties) = preSolution
		HideSolutionNode = FALSE
	EndGlobalSection
	GlobalSection(ExtensibilityGlobals) = postSolution
		SolutionGuid = {FABB540D-223B-4A4E-A8EB-9B372654E4AD}
	EndGlobalSection
EndGlobal
